
Microsoft Visual Studio Solution File, Format Version 12.00
# Visual Studio Version 16
VisualStudioVersion = 16.0.31424.327
MinimumVisualStudioVersion = 10.0.40219.1
Project("{FAE04EC0-301F-11D3-BF4B-00C04F79EFBC}") = "CosmosDBTutorial", "CosmosDBTutorial\CosmosDBTutorial.csproj", "{010CEAA8-44F4-4E6D-86F4-F6E00486428E}"
EndProject
Global
	GlobalSection(SolutionConfigurationPlatforms) = preSolution
		Debug|Any CPU = Debug|Any CPU
		Release|Any CPU = Release|Any CPU
	EndGlobalSection
	GlobalSection(ProjectConfigurationPlatforms) = postSolution
		{010CEAA8-44F4-4E6D-86F4-F6E00486428E}.Debug|Any CPU.ActiveCfg = Debug|Any CPU
		{010CEAA8-44F4-4E6D-86F4-F6E00486428E}.Debug|Any CPU.Build.0 = Debug|Any CPU
		{010CEAA8-44F4-4E6D-86F4-F6E00486428E}.Release|Any CPU.ActiveCfg = Release|Any CPU
		{010CEAA8-44F4-4E6D-86F4-F6E00486428E}.Release|Any CPU.Build.0 = Release|Any CPU
	EndGlobalSection
	GlobalSection(SolutionProperties) = preSolution
		HideSolutionNode = FALSE
	EndGlobalSection
	GlobalSection(ExtensibilityGlobals) = postSolution
		SolutionGuid = {689F0407-0C4E-4535-B31F-63358D4900DA}
	EndGlobalSection
EndGlobal
